
Microsoft Visual Studio Solution File, Format Version 12.00
# Visual Studio Version 16
VisualStudioVersion = 16.0.28803.202
MinimumVisualStudioVersion = 10.0.40219.1
Project("{FAE04EC0-301F-11D3-BF4B-00C04F79EFBC}") = "OGA", "OGA.csproj", "{A373E494-ABB6-4F02-B14F-F5A52A10E708}"
EndProject
Global
	GlobalSection(SolutionConfigurationPlatforms) = preSolution
		Debug|Any CPU = Debug|Any CPU
		Release|Any CPU = Release|Any CPU
	EndGlobalSection
	GlobalSection(ProjectConfigurationPlatforms) = postSolution
		{A373E494-ABB6-4F02-B14F-F5A52A10E708}.Debug|Any CPU.ActiveCfg = Debug|Any CPU
		{A373E494-ABB6-4F02-B14F-F5A52A10E708}.Debug|Any CPU.Build.0 = Debug|Any CPU
		{A373E494-ABB6-4F02-B14F-F5A52A10E708}.Release|Any CPU.ActiveCfg = Release|Any CPU
		{A373E494-ABB6-4F02-B14F-F5A52A10E708}.Release|Any CPU.Build.0 = Release|Any CPU
	EndGlobalSection
	GlobalSection(SolutionProperties) = preSolution
		HideSolutionNode = FALSE
	EndGlobalSection
	GlobalSection(ExtensibilityGlobals) = postSolution
		SolutionGuid = {EEAA0B7B-E258-4863-9CF4-514F1BC03D26}
	EndGlobalSection
EndGlobal
